Microsoft Visual Studio Solution File, Format Version 12.00
# Visual Studio 15
VisualStudioVersion = 15.0.28307.168
MinimumVisualStudioVersion = 10.0.40219.1
Project("{FAE04EC0-301F-11D3-BF4B-00C04F79EFBC}") = "WindowsApplication32", "WindowsApplication32\WindowsApplication32.csproj", "{A0267C42-3FD1-4AA1-9033-491F10BB2E43}"
EndProject
Global
	GlobalSection(SolutionConfigurationPlatforms) = preSolution
		Debug|Any CPU = Debug|Any CPU
		Release|Any CPU = Release|Any CPU
	EndGlobalSection
	GlobalSection(ProjectConfigurationPlatforms) = postSolution
		{A0267C42-3FD1-4AA1-9033-491F10BB2E43}.Debug|Any CPU.ActiveCfg = Debug|Any CPU
		{A0267C42-3FD1-4AA1-9033-491F10BB2E43}.Debug|Any CPU.Build.0 = Debug|Any CPU
		{A0267C42-3FD1-4AA1-9033-491F10BB2E43}.Release|Any CPU.ActiveCfg = Release|Any CPU
		{A0267C42-3FD1-4AA1-9033-491F10BB2E43}.Release|Any CPU.Build.0 = Release|Any CPU
	EndGlobalSection
	GlobalSection(SolutionProperties) = preSolution
		HideSolutionNode = FALSE
	EndGlobalSection
	GlobalSection(ExtensibilityGlobals) = postSolution
		SolutionGuid = {489336C8-2084-4640-9436-90EA69B549CA}
	EndGlobalSection
EndGlobal
